// !$*UTF8*$!
{
	archiveVersion = 1;
	classes = {
	};
	objectVersion = 70;
	objects = {

/* Begin PBXBuildFile section */
		58811BCE1227B943D65981CA /* Pods_KanjiRenshuu.framework in Frameworks */ = {isa = PBXBuildFile; fileRef = 56D1A6336E9ABF26D0FE8037 /* Pods_KanjiRenshuu.framework */; };
		960C750A2D3FBA8F00658569 /* Assets.xcassets in Resources */ = {isa = PBXBuildFile; fileRef = 960C75092D3FBA8F00658569 /* Assets.xcassets */; };
		968C04F32D5C995B003BB0DA /* Index->Kanji.json in Resources */ = {isa = PBXBuildFile; fileRef = 968C04F22D5C995B003BB0DA /* Index->Kanji.json */; };
		968C04F52D5C9B68003BB0DA /* KanjiSVG in Resources */ = {isa = PBXBuildFile; fileRef = 968C04F42D5C9B68003BB0DA /* KanjiSVG */; };
		96AA97C02E0C115B00E7E06B /* KanjiVideoPlayerView.swift in Sources */ = {isa = PBXBuildFile; fileRef = 96AA97B82E0C115B00E7E06B /* KanjiVideoPlayerView.swift */; };
		96AA97C12E0C115B00E7E06B /* MatchViewController.swift in Sources */ = {isa = PBXBuildFile; fileRef = 96AA97AA2E0C115B00E7E06B /* MatchViewController.swift */; };
		96AA97C22E0C115B00E7E06B /* AppDelegate.swift in Sources */ = {isa = PBXBuildFile; fileRef = 96AA97992E0C115B00E7E06B /* AppDelegate.swift */; };
		96AA97C32E0C115B00E7E06B /* KanjiSectionHeaderView.swift in Sources */ = {isa = PBXBuildFile; fileRef = 96AA97BD2E0C115B00E7E06B /* KanjiSectionHeaderView.swift */; };
		96AA97C42E0C115B00E7E06B /* SelectKanjiViewCell.swift in Sources */ = {isa = PBXBuildFile; fileRef = 96AA97AC2E0C115B00E7E06B /* SelectKanjiViewCell.swift */; };
		96AA97C62E0C115B00E7E06B /* KanjiMapping.swift in Sources */ = {isa = PBXBuildFile; fileRef = 96AA97A02E0C115B00E7E06B /* KanjiMapping.swift */; };
		96AA97C72E0C115B00E7E06B /* DrawingView.swift in Sources */ = {isa = PBXBuildFile; fileRef = 96AA97B72E0C115B00E7E06B /* DrawingView.swift */; };
		96AA97C82E0C115B00E7E06B /* DrawViewController.swift in Sources */ = {isa = PBXBuildFile; fileRef = 96AA97A62E0C115B00E7E06B /* DrawViewController.swift */; };
		96AA97C92E0C115B00E7E06B /* HomeViewController.swift in Sources */ = {isa = PBXBuildFile; fileRef = 96AA97A82E0C115B00E7E06B /* HomeViewController.swift */; };
		96AA97CA2E0C115B00E7E06B /* MatchView.swift in Sources */ = {isa = PBXBuildFile; fileRef = 96AA97BA2E0C115B00E7E06B /* MatchView.swift */; };
		96AA97CB2E0C115B00E7E06B /* SelectKanjiViewModel.swift in Sources */ = {isa = PBXBuildFile; fileRef = 96AA97B42E0C115B00E7E06B /* SelectKanjiViewModel.swift */; };
		96AA97CC2E0C115B00E7E06B /* DrawKanjiViewModel.swift in Sources */ = {isa = PBXBuildFile; fileRef = 96AA97B02E0C115B00E7E06B /* DrawKanjiViewModel.swift */; };
		96AA97CD2E0C115B00E7E06B /* SelectKanjiViewController.swift in Sources */ = {isa = PBXBuildFile; fileRef = 96AA97AD2E0C115B00E7E06B /* SelectKanjiViewController.swift */; };
		96AA97CE2E0C115B00E7E06B /* KanjiSVGLoader.swift in Sources */ = {isa = PBXBuildFile; fileRef = 96AA97A12E0C115B00E7E06B /* KanjiSVGLoader.swift */; };
		96AA97CF2E0C115B00E7E06B /* UIView extensions.swift in Sources */ = {isa = PBXBuildFile; fileRef = 96AA97A42E0C115B00E7E06B /* UIView extensions.swift */; };
		96AA97D02E0C115B00E7E06B /* KanjiLoadingView.swift in Sources */ = {isa = PBXBuildFile; fileRef = 96AA97BC2E0C115B00E7E06B /* KanjiLoadingView.swift */; };
		96AA97D22E0C115B00E7E06B /* KanjiObject.swift in Sources */ = {isa = PBXBuildFile; fileRef = 96AA979B2E0C115B00E7E06B /* KanjiObject.swift */; };
		96AA97D32E0C115B00E7E06B /* MatchViewModel.swift in Sources */ = {isa = PBXBuildFile; fileRef = 96AA97B22E0C115B00E7E06B /* MatchViewModel.swift */; };
		96AA97D42E0C115B00E7E06B /* UIStackView extentions.swift in Sources */ = {isa = PBXBuildFile; fileRef = 96AA97A32E0C115B00E7E06B /* UIStackView extentions.swift */; };
		96AA97DB2E0D3EA900E7E06B /* KanjiRenshuuConfig.plist in Resources */ = {isa = PBXBuildFile; fileRef = 96AA97DA2E0D3EA900E7E06B /* KanjiRenshuuConfig.plist */; };
/* End PBXBuildFile section */

/* Begin PBXFileReference section */
		56D1A6336E9ABF26D0FE8037 /* Pods_KanjiRenshuu.framework */ = {isa = PBXFileReference; explicitFileType = wrapper.framework; includeInIndex = 0; path = Pods_KanjiRenshuu.framework; sourceTree = BUILT_PRODUCTS_DIR; };
		7620727BB50C3F6722A7E50E /* Pods-KanjiRenshuu.debug.xcconfig */ = {isa = PBXFileReference; includeInIndex = 1; lastKnownFileType = text.xcconfig; name = "Pods-KanjiRenshuu.debug.xcconfig"; path = "Target Support Files/Pods-KanjiRenshuu/Pods-KanjiRenshuu.debug.xcconfig"; sourceTree = "<group>"; };
		960C74FD2D3FBA8A00658569 /* KanjiRenshuu.app */ = {isa = PBXFileReference; explicitFileType = wrapper.application; includeInIndex = 0; path = KanjiRenshuu.app; sourceTree = BUILT_PRODUCTS_DIR; };
		960C75092D3FBA8F00658569 /* Assets.xcassets */ = {isa = PBXFileReference; lastKnownFileType = folder.assetcatalog; path = Assets.xcassets; sourceTree = "<group>"; };
		968C04F22D5C995B003BB0DA /* Index->Kanji.json */ = {isa = PBXFileReference; fileEncoding = 4; lastKnownFileType = text.json; path = "Index->Kanji.json"; sourceTree = "<group>"; };
		968C04F42D5C9B68003BB0DA /* KanjiSVG */ = {isa = PBXFileReference; lastKnownFileType = folder; path = KanjiSVG; sourceTree = "<group>"; };
		96AA97992E0C115B00E7E06B /* AppDelegate.swift */ = {isa = PBXFileReference; lastKnownFileType = sourcecode.swift; path = AppDelegate.swift; sourceTree = "<group>"; };
		96AA979B2E0C115B00E7E06B /* KanjiObject.swift */ = {isa = PBXFileReference; lastKnownFileType = sourcecode.swift; path = KanjiObject.swift; sourceTree = "<group>"; };
		96AA97A02E0C115B00E7E06B /* KanjiMapping.swift */ = {isa = PBXFileReference; lastKnownFileType = sourcecode.swift; path = KanjiMapping.swift; sourceTree = "<group>"; };
		96AA97A12E0C115B00E7E06B /* KanjiSVGLoader.swift */ = {isa = PBXFileReference; lastKnownFileType = sourcecode.swift; path = KanjiSVGLoader.swift; sourceTree = "<group>"; };
		96AA97A32E0C115B00E7E06B /* UIStackView extentions.swift */ = {isa = PBXFileReference; lastKnownFileType = sourcecode.swift; path = "UIStackView extentions.swift"; sourceTree = "<group>"; };
		96AA97A42E0C115B00E7E06B /* UIView extensions.swift */ = {isa = PBXFileReference; lastKnownFileType = sourcecode.swift; path = "UIView extensions.swift"; sourceTree = "<group>"; };
		96AA97A62E0C115B00E7E06B /* DrawViewController.swift */ = {isa = PBXFileReference; lastKnownFileType = sourcecode.swift; path = DrawViewController.swift; sourceTree = "<group>"; };
		96AA97A82E0C115B00E7E06B /* HomeViewController.swift */ = {isa = PBXFileReference; lastKnownFileType = sourcecode.swift; path = HomeViewController.swift; sourceTree = "<group>"; };
		96AA97AA2E0C115B00E7E06B /* MatchViewController.swift */ = {isa = PBXFileReference; lastKnownFileType = sourcecode.swift; path = MatchViewController.swift; sourceTree = "<group>"; };
		96AA97AC2E0C115B00E7E06B /* SelectKanjiViewCell.swift */ = {isa = PBXFileReference; lastKnownFileType = sourcecode.swift; path = SelectKanjiViewCell.swift; sourceTree = "<group>"; };
		96AA97AD2E0C115B00E7E06B /* SelectKanjiViewController.swift */ = {isa = PBXFileReference; lastKnownFileType = sourcecode.swift; path = SelectKanjiViewController.swift; sourceTree = "<group>"; };
		96AA97B02E0C115B00E7E06B /* DrawKanjiViewModel.swift */ = {isa = PBXFileReference; lastKnownFileType = sourcecode.swift; path = DrawKanjiViewModel.swift; sourceTree = "<group>"; };
		96AA97B22E0C115B00E7E06B /* MatchViewModel.swift */ = {isa = PBXFileReference; lastKnownFileType = sourcecode.swift; path = MatchViewModel.swift; sourceTree = "<group>"; };
		96AA97B42E0C115B00E7E06B /* SelectKanjiViewModel.swift */ = {isa = PBXFileReference; lastKnownFileType = sourcecode.swift; path = SelectKanjiViewModel.swift; sourceTree = "<group>"; };
		96AA97B72E0C115B00E7E06B /* DrawingView.swift */ = {isa = PBXFileReference; lastKnownFileType = sourcecode.swift; path = DrawingView.swift; sourceTree = "<group>"; };
		96AA97B82E0C115B00E7E06B /* KanjiVideoPlayerView.swift */ = {isa = PBXFileReference; lastKnownFileType = sourcecode.swift; path = KanjiVideoPlayerView.swift; sourceTree = "<group>"; };
		96AA97BA2E0C115B00E7E06B /* MatchView.swift */ = {isa = PBXFileReference; lastKnownFileType = sourcecode.swift; path = MatchView.swift; sourceTree = "<group>"; };
		96AA97BC2E0C115B00E7E06B /* KanjiLoadingView.swift */ = {isa = PBXFileReference; lastKnownFileType = sourcecode.swift; path = KanjiLoadingView.swift; sourceTree = "<group>"; };
		96AA97BD2E0C115B00E7E06B /* KanjiSectionHeaderView.swift */ = {isa = PBXFileReference; lastKnownFileType = sourcecode.swift; path = KanjiSectionHeaderView.swift; sourceTree = "<group>"; };
		96AA97DA2E0D3EA900E7E06B /* KanjiRenshuuConfig.plist */ = {isa = PBXFileReference; lastKnownFileType = text.plist.xml; path = KanjiRenshuuConfig.plist; sourceTree = "<group>"; };
		96AA97E92E0D47DF00E7E06B /* Info.plist */ = {isa = PBXFileReference; lastKnownFileType = text.plist.xml; path = Info.plist; sourceTree = "<group>"; };
		C9D7A76E101D959F7A3587EB /* Pods-KanjiRenshuu.release.xcconfig */ = {isa = PBXFileReference; includeInIndex = 1; lastKnownFileType = text.xcconfig; name = "Pods-KanjiRenshuu.release.xcconfig"; path = "Target Support Files/Pods-KanjiRenshuu/Pods-KanjiRenshuu.release.xcconfig"; sourceTree = "<group>"; };
/* End PBXFileReference section */

/* Begin PBXFileSystemSynchronizedRootGroup section */
		96AA96F32DD777A400E7E06B /* LoadingKanji */ = {isa = PBXFileSystemSynchronizedRootGroup; explicitFileTypes = {}; explicitFolders = (); path = LoadingKanji; sourceTree = "<group>"; };
		96AA97E42E0D43BC00E7E06B /* API Managers */ = {isa = PBXFileSystemSynchronizedRootGroup; explicitFileTypes = {}; explicitFolders = (); path = "API Managers"; sourceTree = "<group>"; };
/* End PBXFileSystemSynchronizedRootGroup section */

/* Begin PBXFrameworksBuildPhase section */
		960C74FA2D3FBA8A00658569 /* Frameworks */ = {
			isa = PBXFrameworksBuildPhase;
			buildActionMask = 2147483647;
			files = (
				58811BCE1227B943D65981CA /* Pods_KanjiRenshuu.framework in Frameworks */,
			);
			runOnlyForDeploymentPostprocessing = 0;
		};
/* End PBXFrameworksBuildPhase section */

/* Begin PBXGroup section */
		320E3B403FE97ECF56C92571 /* Frameworks */ = {
			isa = PBXGroup;
			children = (
				56D1A6336E9ABF26D0FE8037 /* Pods_KanjiRenshuu.framework */,
			);
			name = Frameworks;
			sourceTree = "<group>";
		};
		902115D1A1D57E0612C1667D /* Pods */ = {
			isa = PBXGroup;
			children = (
				7620727BB50C3F6722A7E50E /* Pods-KanjiRenshuu.debug.xcconfig */,
				C9D7A76E101D959F7A3587EB /* Pods-KanjiRenshuu.release.xcconfig */,
			);
			path = Pods;
			sourceTree = "<group>";
		};
		960C74F42D3FBA8A00658569 = {
			isa = PBXGroup;
			children = (
				960C74FF2D3FBA8A00658569 /* KanjiRenshuu */,
				968C04F42D5C9B68003BB0DA /* KanjiSVG */,
				96AA96F32DD777A400E7E06B /* LoadingKanji */,
				968C04F22D5C995B003BB0DA /* Index->Kanji.json */,
				960C75092D3FBA8F00658569 /* Assets.xcassets */,
				96AA97DA2E0D3EA900E7E06B /* KanjiRenshuuConfig.plist */,
				96AA97E92E0D47DF00E7E06B /* Info.plist */,
				960C74FE2D3FBA8A00658569 /* Products */,
				902115D1A1D57E0612C1667D /* Pods */,
				320E3B403FE97ECF56C92571 /* Frameworks */,
			);
			sourceTree = "<group>";
		};
		960C74FE2D3FBA8A00658569 /* Products */ = {
			isa = PBXGroup;
			children = (
				960C74FD2D3FBA8A00658569 /* KanjiRenshuu.app */,
			);
			name = Products;
			sourceTree = "<group>";
		};
		960C74FF2D3FBA8A00658569 /* KanjiRenshuu */ = {
			isa = PBXGroup;
			children = (
				96AA97992E0C115B00E7E06B /* AppDelegate.swift */,
				96AA979C2E0C115B00E7E06B /* Models */,
				96AA97A22E0C115B00E7E06B /* Services */,
				96AA97A52E0C115B00E7E06B /* Utilities */,
				96AA97AF2E0C115B00E7E06B /* ViewControllers */,
				96AA97B62E0C115B00E7E06B /* ViewModels */,
				96AA97BF2E0C115B00E7E06B /* Views */,
			);
			path = KanjiRenshuu;
			sourceTree = "<group>";
		};
		96AA979C2E0C115B00E7E06B /* Models */ = {
			isa = PBXGroup;
			children = (
				96AA979B2E0C115B00E7E06B /* KanjiObject.swift */,
			);
			path = Models;
			sourceTree = "<group>";
		};
		96AA97A22E0C115B00E7E06B /* Services */ = {
			isa = PBXGroup;
			children = (
				96AA97E42E0D43BC00E7E06B /* API Managers */,
				96AA97A02E0C115B00E7E06B /* KanjiMapping.swift */,
				96AA97A12E0C115B00E7E06B /* KanjiSVGLoader.swift */,
			);
			path = Services;
			sourceTree = "<group>";
		};
		96AA97A52E0C115B00E7E06B /* Utilities */ = {
			isa = PBXGroup;
			children = (
				96AA97A32E0C115B00E7E06B /* UIStackView extentions.swift */,
				96AA97A42E0C115B00E7E06B /* UIView extensions.swift */,
			);
			path = Utilities;
			sourceTree = "<group>";
		};
		96AA97A72E0C115B00E7E06B /* Draw */ = {
			isa = PBXGroup;
			children = (
				96AA97A62E0C115B00E7E06B /* DrawViewController.swift */,
			);
			path = Draw;
			sourceTree = "<group>";
		};
		96AA97A92E0C115B00E7E06B /* Home */ = {
			isa = PBXGroup;
			children = (
				96AA97A82E0C115B00E7E06B /* HomeViewController.swift */,
			);
			path = Home;
			sourceTree = "<group>";
		};
		96AA97AB2E0C115B00E7E06B /* Match */ = {
			isa = PBXGroup;
			children = (
				96AA97AA2E0C115B00E7E06B /* MatchViewController.swift */,
			);
			path = Match;
			sourceTree = "<group>";
		};
		96AA97AE2E0C115B00E7E06B /* Select */ = {
			isa = PBXGroup;
			children = (
				96AA97AC2E0C115B00E7E06B /* SelectKanjiViewCell.swift */,
				96AA97AD2E0C115B00E7E06B /* SelectKanjiViewController.swift */,
			);
			path = Select;
			sourceTree = "<group>";
		};
		96AA97AF2E0C115B00E7E06B /* ViewControllers */ = {
			isa = PBXGroup;
			children = (
				96AA97A72E0C115B00E7E06B /* Draw */,
				96AA97A92E0C115B00E7E06B /* Home */,
				96AA97AB2E0C115B00E7E06B /* Match */,
				96AA97AE2E0C115B00E7E06B /* Select */,
			);
			path = ViewControllers;
			sourceTree = "<group>";
		};
		96AA97B12E0C115B00E7E06B /* Draw */ = {
			isa = PBXGroup;
			children = (
				96AA97B02E0C115B00E7E06B /* DrawKanjiViewModel.swift */,
			);
			path = Draw;
			sourceTree = "<group>";
		};
		96AA97B32E0C115B00E7E06B /* Match */ = {
			isa = PBXGroup;
			children = (
				96AA97B22E0C115B00E7E06B /* MatchViewModel.swift */,
			);
			path = Match;
			sourceTree = "<group>";
		};
		96AA97B52E0C115B00E7E06B /* Select */ = {
			isa = PBXGroup;
			children = (
				96AA97B42E0C115B00E7E06B /* SelectKanjiViewModel.swift */,
			);
			path = Select;
			sourceTree = "<group>";
		};
		96AA97B62E0C115B00E7E06B /* ViewModels */ = {
			isa = PBXGroup;
			children = (
				96AA97B12E0C115B00E7E06B /* Draw */,
				96AA97B32E0C115B00E7E06B /* Match */,
				96AA97B52E0C115B00E7E06B /* Select */,
			);
			path = ViewModels;
			sourceTree = "<group>";
		};
		96AA97B92E0C115B00E7E06B /* Draw */ = {
			isa = PBXGroup;
			children = (
				96AA97B72E0C115B00E7E06B /* DrawingView.swift */,
				96AA97B82E0C115B00E7E06B /* KanjiVideoPlayerView.swift */,
			);
			path = Draw;
			sourceTree = "<group>";
		};
		96AA97BB2E0C115B00E7E06B /* Match */ = {
			isa = PBXGroup;
			children = (
				96AA97BA2E0C115B00E7E06B /* MatchView.swift */,
			);
			path = Match;
			sourceTree = "<group>";
		};
		96AA97BE2E0C115B00E7E06B /* Select */ = {
			isa = PBXGroup;
			children = (
				96AA97BC2E0C115B00E7E06B /* KanjiLoadingView.swift */,
				96AA97BD2E0C115B00E7E06B /* KanjiSectionHeaderView.swift */,
			);
			path = Select;
			sourceTree = "<group>";
		};
		96AA97BF2E0C115B00E7E06B /* Views */ = {
			isa = PBXGroup;
			children = (
				96AA97B92E0C115B00E7E06B /* Draw */,
				96AA97BB2E0C115B00E7E06B /* Match */,
				96AA97BE2E0C115B00E7E06B /* Select */,
			);
			path = Views;
			sourceTree = "<group>";
		};
/* End PBXGroup section */

/* Begin PBXNativeTarget section */
		960C74FC2D3FBA8A00658569 /* KanjiRenshuu */ = {
			isa = PBXNativeTarget;
			buildConfigurationList = 960C75112D3FBA8F00658569 /* Build configuration list for PBXNativeTarget "KanjiRenshuu" */;
			buildPhases = (
				1F2D0CB623CF49679102871A /* [CP] Check Pods Manifest.lock */,
				960C74F92D3FBA8A00658569 /* Sources */,
				960C74FA2D3FBA8A00658569 /* Frameworks */,
				960C74FB2D3FBA8A00658569 /* Resources */,
				8942A837C6E07F187ABB9C2B /* [CP] Embed Pods Frameworks */,
			);
			buildRules = (
			);
			dependencies = (
			);
			fileSystemSynchronizedGroups = (
				96AA96F32DD777A400E7E06B /* LoadingKanji */,
				96AA97E42E0D43BC00E7E06B /* API Managers */,
			);
			name = KanjiRenshuu;
			productName = KanjiRenshuu;
			productReference = 960C74FD2D3FBA8A00658569 /* KanjiRenshuu.app */;
			productType = "com.apple.product-type.application";
		};
/* End PBXNativeTarget section */

/* Begin PBXProject section */
		960C74F52D3FBA8A00658569 /* Project object */ = {
			isa = PBXProject;
			attributes = {
				BuildIndependentTargetsInParallel = 1;
				LastSwiftUpdateCheck = 1520;
				LastUpgradeCheck = 1520;
				TargetAttributes = {
					960C74FC2D3FBA8A00658569 = {
						CreatedOnToolsVersion = 15.2;
					};
				};
			};
			buildConfigurationList = 960C74F82D3FBA8A00658569 /* Build configuration list for PBXProject "KanjiRenshuu" */;
			compatibilityVersion = "Xcode 14.0";
			developmentRegion = en;
			hasScannedForEncodings = 0;
			knownRegions = (
				en,
				Base,
			);
			mainGroup = 960C74F42D3FBA8A00658569;
			productRefGroup = 960C74FE2D3FBA8A00658569 /* Products */;
			projectDirPath = "";
			projectRoot = "";
			targets = (
				960C74FC2D3FBA8A00658569 /* KanjiRenshuu */,
			);
		};
/* End PBXProject section */

/* Begin PBXResourcesBuildPhase section */
		960C74FB2D3FBA8A00658569 /* Resources */ = {
			isa = PBXResourcesBuildPhase;
			buildActionMask = 2147483647;
			files = (
				968C04F52D5C9B68003BB0DA /* KanjiSVG in Resources */,
				960C750A2D3FBA8F00658569 /* Assets.xcassets in Resources */,
				96AA97DB2E0D3EA900E7E06B /* KanjiRenshuuConfig.plist in Resources */,
				968C04F32D5C995B003BB0DA /* Index->Kanji.json in Resources */,
			);
			runOnlyForDeploymentPostprocessing = 0;
		};
/* End PBXResourcesBuildPhase section */

/* Begin PBXShellScriptBuildPhase section */
		1F2D0CB623CF49679102871A /* [CP] Check Pods Manifest.lock */ = {
			isa = PBXShellScriptBuildPhase;
			buildActionMask = 2147483647;
			files = (
			);
			inputFileListPaths = (
			);
			inputPaths = (
				"${PODS_PODFILE_DIR_PATH}/Podfile.lock",
				"${PODS_ROOT}/Manifest.lock",
			);
			name = "[CP] Check Pods Manifest.lock";
			outputFileListPaths = (
			);
			outputPaths = (
				"$(DERIVED_FILE_DIR)/Pods-KanjiRenshuu-checkManifestLockResult.txt",
			);
			runOnlyForDeploymentPostprocessing = 0;
			shellPath = /bin/sh;
			shellScript = "diff \"${PODS_PODFILE_DIR_PATH}/Podfile.lock\" \"${PODS_ROOT}/Manifest.lock\" > /dev/null\nif [ $? != 0 ] ; then\n    # print error to STDERR\n    echo \"error: The sandbox is not in sync with the Podfile.lock. Run 'pod install' or update your CocoaPods installation.\" >&2\n    exit 1\nfi\n# This output is used by Xcode 'outputs' to avoid re-running this script phase.\necho \"SUCCESS\" > \"${SCRIPT_OUTPUT_FILE_0}\"\n";
			showEnvVarsInLog = 0;
		};
		8942A837C6E07F187ABB9C2B /* [CP] Embed Pods Frameworks */ = {
			isa = PBXShellScriptBuildPhase;
			buildActionMask = 2147483647;
			files = (
			);
			inputFileListPaths = (
				"${PODS_ROOT}/Target Support Files/Pods-KanjiRenshuu/Pods-KanjiRenshuu-frameworks-${CONFIGURATION}-input-files.xcfilelist",
			);
			inputPaths = (
			);
			name = "[CP] Embed Pods Frameworks";
			outputFileListPaths = (
				"${PODS_ROOT}/Target Support Files/Pods-KanjiRenshuu/Pods-KanjiRenshuu-frameworks-${CONFIGURATION}-output-files.xcfilelist",
			);
			outputPaths = (
			);
			runOnlyForDeploymentPostprocessing = 0;
			shellPath = /bin/sh;
			shellScript = "\"${PODS_ROOT}/Target Support Files/Pods-KanjiRenshuu/Pods-KanjiRenshuu-frameworks.sh\"\n";
			showEnvVarsInLog = 0;
		};
/* End PBXShellScriptBuildPhase section */

/* Begin PBXSourcesBuildPhase section */
		960C74F92D3FBA8A00658569 /* Sources */ = {
			isa = PBXSourcesBuildPhase;
			buildActionMask = 2147483647;
			files = (
				96AA97C02E0C115B00E7E06B /* KanjiVideoPlayerView.swift in Sources */,
				96AA97C12E0C115B00E7E06B /* MatchViewController.swift in Sources */,
				96AA97C22E0C115B00E7E06B /* AppDelegate.swift in Sources */,
				96AA97C32E0C115B00E7E06B /* KanjiSectionHeaderView.swift in Sources */,
				96AA97C42E0C115B00E7E06B /* SelectKanjiViewCell.swift in Sources */,
				96AA97C62E0C115B00E7E06B /* KanjiMapping.swift in Sources */,
				96AA97C72E0C115B00E7E06B /* DrawingView.swift in Sources */,
				96AA97C82E0C115B00E7E06B /* DrawViewController.swift in Sources */,
				96AA97C92E0C115B00E7E06B /* HomeViewController.swift in Sources */,
				96AA97CA2E0C115B00E7E06B /* MatchView.swift in Sources */,
				96AA97CB2E0C115B00E7E06B /* SelectKanjiViewModel.swift in Sources */,
				96AA97CC2E0C115B00E7E06B /* DrawKanjiViewModel.swift in Sources */,
				96AA97CD2E0C115B00E7E06B /* SelectKanjiViewController.swift in Sources */,
				96AA97CE2E0C115B00E7E06B /* KanjiSVGLoader.swift in Sources */,
				96AA97CF2E0C115B00E7E06B /* UIView extensions.swift in Sources */,
				96AA97D02E0C115B00E7E06B /* KanjiLoadingView.swift in Sources */,
				96AA97D22E0C115B00E7E06B /* KanjiObject.swift in Sources */,
				96AA97D32E0C115B00E7E06B /* MatchViewModel.swift in Sources */,
				96AA97D42E0C115B00E7E06B /* UIStackView extentions.swift in Sources */,
			);
			runOnlyForDeploymentPostprocessing = 0;
		};
/* End PBXSourcesBuildPhase section */

/* Begin XCBuildConfiguration section */
		960C750F2D3FBA8F00658569 /* Debug */ = {
			isa = XCBuildConfiguration;
			buildSettings = {
				ALWAYS_SEARCH_USER_PATHS = NO;
				ASSETCATALOG_COMPILER_GENERATE_SWIFT_ASSET_SYMBOL_EXTENSIONS = YES;
				CLANG_ANALYZER_NONNULL = YES;
				CLANG_ANALYZER_NUMBER_OBJECT_CONVERSION = YES_AGGRESSIVE;
				CLANG_CXX_LANGUAGE_STANDARD = "gnu++20";
				CLANG_ENABLE_MODULES = YES;
				CLANG_ENABLE_OBJC_ARC = YES;
				CLANG_ENABLE_OBJC_WEAK = YES;
				CLANG_WARN_BLOCK_CAPTURE_AUTORELEASING = YES;
				CLANG_WARN_BOOL_CONVERSION = YES;
				CLANG_WARN_COMMA = YES;
				CLANG_WARN_CONSTANT_CONVERSION = YES;
				CLANG_WARN_DEPRECATED_OBJC_IMPLEMENTATIONS = YES;
				CLANG_WARN_DIRECT_OBJC_ISA_USAGE = YES_ERROR;
				CLANG_WARN_DOCUMENTATION_COMMENTS = YES;
				CLANG_WARN_EMPTY_BODY = YES;
				CLANG_WARN_ENUM_CONVERSION = YES;
				CLANG_WARN_INFINITE_RECURSION = YES;
				CLANG_WARN_INT_CONVERSION = YES;
				CLANG_WARN_NON_LITERAL_NULL_CONVERSION = YES;
				CLANG_WARN_OBJC_IMPLICIT_RETAIN_SELF = YES;
				CLANG_WARN_OBJC_LITERAL_CONVERSION = YES;
				CLANG_WARN_OBJC_ROOT_CLASS = YES_ERROR;
				CLANG_WARN_QUOTED_INCLUDE_IN_FRAMEWORK_HEADER = YES;
				CLANG_WARN_RANGE_LOOP_ANALYSIS = YES;
				CLANG_WARN_STRICT_PROTOTYPES = YES;
				CLANG_WARN_SUSPICIOUS_MOVE = YES;
				CLANG_WARN_UNGUARDED_AVAILABILITY = YES_AGGRESSIVE;
				CLANG_WARN_UNREACHABLE_CODE = YES;
				CLANG_WARN__DUPLICATE_METHOD_MATCH = YES;
				COPY_PHASE_STRIP = NO;
				DEBUG_INFORMATION_FORMAT = dwarf;
				ENABLE_STRICT_OBJC_MSGSEND = YES;
				ENABLE_TESTABILITY = YES;
				ENABLE_USER_SCRIPT_SANDBOXING = YES;
				GCC_C_LANGUAGE_STANDARD = gnu17;
				GCC_DYNAMIC_NO_PIC = NO;
				GCC_NO_COMMON_BLOCKS = YES;
				GCC_OPTIMIZATION_LEVEL = 0;
				GCC_PREPROCESSOR_DEFINITIONS = (
					"DEBUG=1",
					"$(inherited)",
				);
				GCC_WARN_64_TO_32_BIT_CONVERSION = YES;
				GCC_WARN_ABOUT_RETURN_TYPE = YES_ERROR;
				GCC_WARN_UNDECLARED_SELECTOR = YES;
				GCC_WARN_UNINITIALIZED_AUTOS = YES_AGGRESSIVE;
				GCC_WARN_UNUSED_FUNCTION = YES;
				GCC_WARN_UNUSED_VARIABLE = YES;
				IPHONEOS_DEPLOYMENT_TARGET = 17.2;
				LOCALIZATION_PREFERS_STRING_CATALOGS = YES;
				MTL_ENABLE_DEBUG_INFO = INCLUDE_SOURCE;
				MTL_FAST_MATH = YES;
				ONLY_ACTIVE_ARCH = YES;
				SDKROOT = iphoneos;
				SWIFT_ACTIVE_COMPILATION_CONDITIONS = "DEBUG $(inherited)";
				SWIFT_OPTIMIZATION_LEVEL = "-Onone";
			};
			name = Debug;
		};
		960C75102D3FBA8F00658569 /* Release */ = {
			isa = XCBuildConfiguration;
			buildSettings = {
				ALWAYS_SEARCH_USER_PATHS = NO;
				ASSETCATALOG_COMPILER_GENERATE_SWIFT_ASSET_SYMBOL_EXTENSIONS = YES;
				CLANG_ANALYZER_NONNULL = YES;
				CLANG_ANALYZER_NUMBER_OBJECT_CONVERSION = YES_AGGRESSIVE;
				CLANG_CXX_LANGUAGE_STANDARD = "gnu++20";
				CLANG_ENABLE_MODULES = YES;
				CLANG_ENABLE_OBJC_ARC = YES;
				CLANG_ENABLE_OBJC_WEAK = YES;
				CLANG_WARN_BLOCK_CAPTURE_AUTORELEASING = YES;
				CLANG_WARN_BOOL_CONVERSION = YES;
				CLANG_WARN_COMMA = YES;
				CLANG_WARN_CONSTANT_CONVERSION = YES;
				CLANG_WARN_DEPRECATED_OBJC_IMPLEMENTATIONS = YES;
				CLANG_WARN_DIRECT_OBJC_ISA_USAGE = YES_ERROR;
				CLANG_WARN_DOCUMENTATION_COMMENTS = YES;
				CLANG_WARN_EMPTY_BODY = YES;
				CLANG_WARN_ENUM_CONVERSION = YES;
				CLANG_WARN_INFINITE_RECURSION = YES;
				CLANG_WARN_INT_CONVERSION = YES;
				CLANG_WARN_NON_LITERAL_NULL_CONVERSION = YES;
				CLANG_WARN_OBJC_IMPLICIT_RETAIN_SELF = YES;
				CLANG_WARN_OBJC_LITERAL_CONVERSION = YES;
				CLANG_WARN_OBJC_ROOT_CLASS = YES_ERROR;
				CLANG_WARN_QUOTED_INCLUDE_IN_FRAMEWORK_HEADER = YES;
				CLANG_WARN_RANGE_LOOP_ANALYSIS = YES;
				CLANG_WARN_STRICT_PROTOTYPES = YES;
				CLANG_WARN_SUSPICIOUS_MOVE = YES;
				CLANG_WARN_UNGUARDED_AVAILABILITY = YES_AGGRESSIVE;
				CLANG_WARN_UNREACHABLE_CODE = YES;
				CLANG_WARN__DUPLICATE_METHOD_MATCH = YES;
				COPY_PHASE_STRIP = NO;
				DEBUG_INFORMATION_FORMAT = "dwarf-with-dsym";
				ENABLE_NS_ASSERTIONS = NO;
				ENABLE_STRICT_OBJC_MSGSEND = YES;
				ENABLE_USER_SCRIPT_SANDBOXING = YES;
				GCC_C_LANGUAGE_STANDARD = gnu17;
				GCC_NO_COMMON_BLOCKS = YES;
				GCC_WARN_64_TO_32_BIT_CONVERSION = YES;
				GCC_WARN_ABOUT_RETURN_TYPE = YES_ERROR;
				GCC_WARN_UNDECLARED_SELECTOR = YES;
				GCC_WARN_UNINITIALIZED_AUTOS = YES_AGGRESSIVE;
				GCC_WARN_UNUSED_FUNCTION = YES;
				GCC_WARN_UNUSED_VARIABLE = YES;
				IPHONEOS_DEPLOYMENT_TARGET = 17.2;
				LOCALIZATION_PREFERS_STRING_CATALOGS = YES;
				MTL_ENABLE_DEBUG_INFO = NO;
				MTL_FAST_MATH = YES;
				SDKROOT = iphoneos;
				SWIFT_COMPILATION_MODE = wholemodule;
				VALIDATE_PRODUCT = YES;
			};
			name = Release;
		};
		960C75122D3FBA8F00658569 /* Debug */ = {
			isa = XCBuildConfiguration;
			baseConfigurationReference = 7620727BB50C3F6722A7E50E /* Pods-KanjiRenshuu.debug.xcconfig */;
			buildSettings = {
				ASSETCATALOG_COMPILER_APPICON_NAME = AppIcon;
				ASSETCATALOG_COMPILER_GLOBAL_ACCENT_COLOR_NAME = AccentColor;
				CODE_SIGN_STYLE = Automatic;
				CURRENT_PROJECT_VERSION = 1;
				DEVELOPMENT_TEAM = 2H47HX5CT8;
				ENABLE_USER_SCRIPT_SANDBOXING = NO;
				GENERATE_INFOPLIST_FILE = YES;
				INFOPLIST_FILE = Info.plist;
				INFOPLIST_KEY_UIApplicationSupportsIndirectInputEvents = YES;
				INFOPLIST_KEY_UILaunchStoryboardName = LaunchScreen;
				INFOPLIST_KEY_UISupportedInterfaceOrientations_iPad = "UIInterfaceOrientationPortrait UIInterfaceOrientationPortraitUpsideDown UIInterfaceOrientationLandscapeLeft UIInterfaceOrientationLandscapeRight";
				INFOPLIST_KEY_UISupportedInterfaceOrientations_iPhone = "UIInterfaceOrientationPortrait UIInterfaceOrientationLandscapeLeft UIInterfaceOrientationLandscapeRight";
				IPHONEOS_DEPLOYMENT_TARGET = 17.2;
				LD_RUNPATH_SEARCH_PATHS = (
					"$(inherited)",
					"@executable_path/Frameworks",
				);
				MARKETING_VERSION = 1.0;
				PRODUCT_BUNDLE_IDENTIFIER = com.ekaterinasavina.sample.KanjiRenshuu;
				PRODUCT_NAME = "$(TARGET_NAME)";
				SWIFT_EMIT_LOC_STRINGS = YES;
				SWIFT_VERSION = 5.0;
				TARGETED_DEVICE_FAMILY = "1,2";
			};
			name = Debug;
		};
		960C75132D3FBA8F00658569 /* Release */ = {
			isa = XCBuildConfiguration;
			baseConfigurationReference = C9D7A76E101D959F7A3587EB /* Pods-KanjiRenshuu.release.xcconfig */;
			buildSettings = {
				ASSETCATALOG_COMPILER_APPICON_NAME = AppIcon;
				ASSETCATALOG_COMPILER_GLOBAL_ACCENT_COLOR_NAME = AccentColor;
				CODE_SIGN_STYLE = Automatic;
				CURRENT_PROJECT_VERSION = 1;
				DEVELOPMENT_TEAM = 2H47HX5CT8;
				ENABLE_USER_SCRIPT_SANDBOXING = NO;
				GENERATE_INFOPLIST_FILE = YES;
				INFOPLIST_FILE = Info.plist;
				INFOPLIST_KEY_UIApplicationSupportsIndirectInputEvents = YES;
				INFOPLIST_KEY_UILaunchStoryboardName = LaunchScreen;
				INFOPLIST_KEY_UISupportedInterfaceOrientations_iPad = "UIInterfaceOrientationPortrait UIInterfaceOrientationPortraitUpsideDown UIInterfaceOrientationLandscapeLeft UIInterfaceOrientationLandscapeRight";
				INFOPLIST_KEY_UISupportedInterfaceOrientations_iPhone = "UIInterfaceOrientationPortrait UIInterfaceOrientationLandscapeLeft UIInterfaceOrientationLandscapeRight";
				IPHONEOS_DEPLOYMENT_TARGET = 17.2;
				LD_RUNPATH_SEARCH_PATHS = (
					"$(inherited)",
					"@executable_path/Frameworks",
				);
				MARKETING_VERSION = 1.0;
				PRODUCT_BUNDLE_IDENTIFIER = com.ekaterinasavina.sample.KanjiRenshuu;
				PRODUCT_NAME = "$(TARGET_NAME)";
				SWIFT_EMIT_LOC_STRINGS = YES;
				SWIFT_VERSION = 5.0;
				TARGETED_DEVICE_FAMILY = "1,2";
			};
			name = Release;
		};
/* End XCBuildConfiguration section */

/* Begin XCConfigurationList section */
		960C74F82D3FBA8A00658569 /* Build configuration list for PBXProject "KanjiRenshuu" */ = {
			isa = XCConfigurationList;
			buildConfigurations = (
				960C750F2D3FBA8F00658569 /* Debug */,
				960C75102D3FBA8F00658569 /* Release */,
			);
			defaultConfigurationIsVisible = 0;
			defaultConfigurationName = Release;
		};
		960C75112D3FBA8F00658569 /* Build configuration list for PBXNativeTarget "KanjiRenshuu" */ = {
			isa = XCConfigurationList;
			buildConfigurations = (
				960C75122D3FBA8F00658569 /* Debug */,
				960C75132D3FBA8F00658569 /* Release */,
			);
			defaultConfigurationIsVisible = 0;
			defaultConfigurationName = Release;
		};
/* End XCConfigurationList section */
	};
	rootObject = 960C74F52D3FBA8A00658569 /* Project object */;
}
