PODS:
  - CocoaLumberjack (3.8.5):
    - CocoaLumberjack/Core (= 3.8.5)
  - CocoaLumberjack/Core (3.8.5)
  - SnapKit (5.7.1)
  - SVGKit (3.1.1):
    - CocoaLumberjack (~> 3.0)

DEPENDENCIES:
  - SnapKit (~> 5.7.0)
  - SVGKit (from `https://github.com/SVGKit/SVGKit.git`, branch `3.x`)

SPEC REPOS:
  trunk:
    - CocoaLumberjack
    - SnapKit

EXTERNAL SOURCES:
  SVGKit:
    :branch: 3.x
    :git: https://github.com/SVGKit/SVGKit.git

CHECKOUT OPTIONS:
  SVGKit:
    :commit: 026d2168d07b621e4701a8b2aac6c1eaf05c1df5
    :git: https://github.com/SVGKit/SVGKit.git

SPEC CHECKSUMS:
  CocoaLumberjack: 6a459bc897d6d80bd1b8c78482ec7ad05dffc3f0
  SnapKit: d612e99e678a2d3b95bf60b0705ed0a35c03484a
  SVGKit: 3f02ad9c8227831e508e2e37ecc4005d2f0496a5

PODFILE CHECKSUM: ad9c2480f60755c8ebede741ad2a85af904b419d

COCOAPODS: 1.16.2
